
Microsoft Visual Studio Solution File, Format Version 12.00
# Visual Studio Version 16
VisualStudioVersion = 16.0.30413.136
MinimumVisualStudioVersion = 10.0.40219.1
Project("{FAE04EC0-301F-11D3-BF4B-00C04F79EFBC}") = "Akanzenbach1730ex1b", "Akanzenbach1730ex1b\Akanzenbach1730ex1b.csproj", "{CC716018-F969-47B9-A54F-FF8345E837A7}"
EndProject
Global
	GlobalSection(SolutionConfigurationPlatforms) = preSolution
		Debug|Any CPU = Debug|Any CPU
		Release|Any CPU = Release|Any CPU
	EndGlobalSection
	GlobalSection(ProjectConfigurationPlatforms) = postSolution
		{CC716018-F969-47B9-A54F-FF8345E837A7}.Debug|Any CPU.ActiveCfg = Debug|Any CPU
		{CC716018-F969-47B9-A54F-FF8345E837A7}.Debug|Any CPU.Build.0 = Debug|Any CPU
		{CC716018-F969-47B9-A54F-FF8345E837A7}.Release|Any CPU.ActiveCfg = Release|Any CPU
		{CC716018-F969-47B9-A54F-FF8345E837A7}.Release|Any CPU.Build.0 = Release|Any CPU
	EndGlobalSection
	GlobalSection(SolutionProperties) = preSolution
		HideSolutionNode = FALSE
	EndGlobalSection
	GlobalSection(ExtensibilityGlobals) = postSolution
		SolutionGuid = {58895CC7-4DC4-4A94-B465-645E726AF2C4}
	EndGlobalSection
EndGlobal
